
Microsoft Visual Studio Solution File, Format Version 12.00
# Visual Studio 2012
Project("{FAE04EC0-301F-11D3-BF4B-00C04F79EFBC}") = "ThreadDemo-Mac", "ThreadDemo-Mac\ThreadDemo-Mac.csproj", "{99C85125-3603-4A05-A5D3-0C4F1ECEAF26}"
EndProject
Global
	GlobalSection(SolutionConfigurationPlatforms) = preSolution
		Debug|Any CPU = Debug|Any CPU
		Release|Any CPU = Release|Any CPU
	EndGlobalSection
	GlobalSection(ProjectConfigurationPlatforms) = postSolution
		{99C85125-3603-4A05-A5D3-0C4F1ECEAF26}.Debug|Any CPU.ActiveCfg = Debug|Any CPU
		{99C85125-3603-4A05-A5D3-0C4F1ECEAF26}.Debug|Any CPU.Build.0 = Debug|Any CPU
		{99C85125-3603-4A05-A5D3-0C4F1ECEAF26}.Release|Any CPU.ActiveCfg = Release|Any CPU
		{99C85125-3603-4A05-A5D3-0C4F1ECEAF26}.Release|Any CPU.Build.0 = Release|Any CPU
	EndGlobalSection
EndGlobal
